// !$*UTF8*$!
{
	archiveVersion = 1;
	classes = {
	};
	objectVersion = 46;
	objects = {

/* Begin PBXBuildFile section */
		B58393DD16CC143E00ABE4BE /* UIKit.framework in Frameworks */ = {isa = PBXBuildFile; fileRef = B58393DC16CC143E00ABE4BE /* UIKit.framework */; };
		B58393DF16CC143E00ABE4BE /* Foundation.framework in Frameworks */ = {isa = PBXBuildFile; fileRef = B58393DE16CC143E00ABE4BE /* Foundation.framework */; };
		B58393E116CC143E00ABE4BE /* CoreGraphics.framework in Frameworks */ = {isa = PBXBuildFile; fileRef = B58393E016CC143E00ABE4BE /* CoreGraphics.framework */; };
		B58393E716CC143F00ABE4BE /* InfoPlist.strings in Resources */ = {isa = PBXBuildFile; fileRef = B58393E516CC143F00ABE4BE /* InfoPlist.strings */; };
		B58393E916CC143F00ABE4BE /* main.m in Sources */ = {isa = PBXBuildFile; fileRef = B58393E816CC143F00ABE4BE /* main.m */; };
		B58393ED16CC143F00ABE4BE /* AppDelegate.m in Sources */ = {isa = PBXBuildFile; fileRef = B58393EC16CC143F00ABE4BE /* AppDelegate.m */; };
		B58393EF16CC143F00ABE4BE /* Default.png in Resources */ = {isa = PBXBuildFile; fileRef = B58393EE16CC143F00ABE4BE /* Default.png */; };
		B58393F116CC143F00ABE4BE /* Default@2x.png in Resources */ = {isa = PBXBuildFile; fileRef = B58393F016CC143F00ABE4BE /* Default@2x.png */; };
		B58393F316CC143F00ABE4BE /* Default-568h@2x.png in Resources */ = {isa = PBXBuildFile; fileRef = B58393F216CC143F00ABE4BE /* Default-568h@2x.png */; };
		B58393F616CC143F00ABE4BE /* MainStoryboard.storyboard in Resources */ = {isa = PBXBuildFile; fileRef = B58393F416CC143F00ABE4BE /* MainStoryboard.storyboard */; };
		B58393F916CC143F00ABE4BE /* MasterViewController.m in Sources */ = {isa = PBXBuildFile; fileRef = B58393F816CC143F00ABE4BE /* MasterViewController.m */; };
		B58393FC16CC143F00ABE4BE /* DetailViewController.m in Sources */ = {isa = PBXBuildFile; fileRef = B58393FB16CC143F00ABE4BE /* DetailViewController.m */; };
/* End PBXBuildFile section */

/* Begin PBXFileReference section */
		B58393D916CC143E00ABE4BE /* gNews-iPad.app */ = {isa = PBXFileReference; explicitFileType = wrapper.application; includeInIndex = 0; path = "gNews-iPad.app"; sourceTree = BUILT_PRODUCTS_DIR; };
		B58393DC16CC143E00ABE4BE /* UIKit.framework */ = {isa = PBXFileReference; lastKnownFileType = wrapper.framework; name = UIKit.framework; path = System/Library/Frameworks/UIKit.framework; sourceTree = SDKROOT; };
		B58393DE16CC143E00ABE4BE /* Foundation.framework */ = {isa = PBXFileReference; lastKnownFileType = wrapper.framework; name = Foundation.framework; path = System/Library/Frameworks/Foundation.framework; sourceTree = SDKROOT; };
		B58393E016CC143E00ABE4BE /* CoreGraphics.framework */ = {isa = PBXFileReference; lastKnownFileType = wrapper.framework; name = CoreGraphics.framework; path = System/Library/Frameworks/CoreGraphics.framework; sourceTree = SDKROOT; };
		B58393E416CC143F00ABE4BE /* gNews-iPad-Info.plist */ = {isa = PBXFileReference; lastKnownFileType = text.plist.xml; path = "gNews-iPad-Info.plist"; sourceTree = "<group>"; };
		B58393E616CC143F00ABE4BE /* en */ = {isa = PBXFileReference; lastKnownFileType = text.plist.strings; name = en; path = en.lproj/InfoPlist.strings; sourceTree = "<group>"; };
		B58393E816CC143F00ABE4BE /* main.m */ = {isa = PBXFileReference; lastKnownFileType = sourcecode.c.objc; path = main.m; sourceTree = "<group>"; };
		B58393EA16CC143F00ABE4BE /* gNews-iPad-Prefix.pch */ = {isa = PBXFileReference; lastKnownFileType = sourcecode.c.h; path = "gNews-iPad-Prefix.pch"; sourceTree = "<group>"; };
		B58393EB16CC143F00ABE4BE /* AppDelegate.h */ = {isa = PBXFileReference; lastKnownFileType = sourcecode.c.h; path = AppDelegate.h; sourceTree = "<group>"; };
		B58393EC16CC143F00ABE4BE /* AppDelegate.m */ = {isa = PBXFileReference; lastKnownFileType = sourcecode.c.objc; path = AppDelegate.m; sourceTree = "<group>"; };
		B58393EE16CC143F00ABE4BE /* Default.png */ = {isa = PBXFileReference; lastKnownFileType = image.png; path = Default.png; sourceTree = "<group>"; };
		B58393F016CC143F00ABE4BE /* Default@2x.png */ = {isa = PBXFileReference; lastKnownFileType = image.png; path = "Default@2x.png"; sourceTree = "<group>"; };
		B58393F216CC143F00ABE4BE /* Default-568h@2x.png */ = {isa = PBXFileReference; lastKnownFileType = image.png; path = "Default-568h@2x.png"; sourceTree = "<group>"; };
		B58393F516CC143F00ABE4BE /* en */ = {isa = PBXFileReference; lastKnownFileType = file.storyboard; name = en; path = en.lproj/MainStoryboard.storyboard; sourceTree = "<group>"; };
		B58393F716CC143F00ABE4BE /* MasterViewController.h */ = {isa = PBXFileReference; lastKnownFileType = sourcecode.c.h; path = MasterViewController.h; sourceTree = "<group>"; };
		B58393F816CC143F00ABE4BE /* MasterViewController.m */ = {isa = PBXFileReference; lastKnownFileType = sourcecode.c.objc; path = MasterViewController.m; sourceTree = "<group>"; };
		B58393FA16CC143F00ABE4BE /* DetailViewController.h */ = {isa = PBXFileReference; lastKnownFileType = sourcecode.c.h; path = DetailViewController.h; sourceTree = "<group>"; };
		B58393FB16CC143F00ABE4BE /* DetailViewController.m */ = {isa = PBXFileReference; lastKnownFileType = sourcecode.c.objc; path = DetailViewController.m; sourceTree = "<group>"; };
/* End PBXFileReference section */

/* Begin PBXFrameworksBuildPhase section */
		B58393D616CC143E00ABE4BE /* Frameworks */ = {
			isa = PBXFrameworksBuildPhase;
			buildActionMask = 2147483647;
			files = (
				B58393DD16CC143E00ABE4BE /* UIKit.framework in Frameworks */,
				B58393DF16CC143E00ABE4BE /* Foundation.framework in Frameworks */,
				B58393E116CC143E00ABE4BE /* CoreGraphics.framework in Frameworks */,
			);
			runOnlyForDeploymentPostprocessing = 0;
		};
/* End PBXFrameworksBuildPhase section */

/* Begin PBXGroup section */
		B58393D016CC143E00ABE4BE = {
			isa = PBXGroup;
			children = (
				B58393E216CC143E00ABE4BE /* gNews-iPad */,
				B58393DB16CC143E00ABE4BE /* Frameworks */,
				B58393DA16CC143E00ABE4BE /* Products */,
			);
			sourceTree = "<group>";
		};
		B58393DA16CC143E00ABE4BE /* Products */ = {
			isa = PBXGroup;
			children = (
				B58393D916CC143E00ABE4BE /* gNews-iPad.app */,
			);
			name = Products;
			sourceTree = "<group>";
		};
		B58393DB16CC143E00ABE4BE /* Frameworks */ = {
			isa = PBXGroup;
			children = (
				B58393DC16CC143E00ABE4BE /* UIKit.framework */,
				B58393DE16CC143E00ABE4BE /* Foundation.framework */,
				B58393E016CC143E00ABE4BE /* CoreGraphics.framework */,
			);
			name = Frameworks;
			sourceTree = "<group>";
		};
		B58393E216CC143E00ABE4BE /* gNews-iPad */ = {
			isa = PBXGroup;
			children = (
				B58393EB16CC143F00ABE4BE /* AppDelegate.h */,
				B58393EC16CC143F00ABE4BE /* AppDelegate.m */,
				B58393F416CC143F00ABE4BE /* MainStoryboard.storyboard */,
				B58393F716CC143F00ABE4BE /* MasterViewController.h */,
				B58393F816CC143F00ABE4BE /* MasterViewController.m */,
				B58393FA16CC143F00ABE4BE /* DetailViewController.h */,
				B58393FB16CC143F00ABE4BE /* DetailViewController.m */,
				B58393E316CC143E00ABE4BE /* Supporting Files */,
			);
			path = "gNews-iPad";
			sourceTree = "<group>";
		};
		B58393E316CC143E00ABE4BE /* Supporting Files */ = {
			isa = PBXGroup;
			children = (
				B58393E416CC143F00ABE4BE /* gNews-iPad-Info.plist */,
				B58393E516CC143F00ABE4BE /* InfoPlist.strings */,
				B58393E816CC143F00ABE4BE /* main.m */,
				B58393EA16CC143F00ABE4BE /* gNews-iPad-Prefix.pch */,
				B58393EE16CC143F00ABE4BE /* Default.png */,
				B58393F016CC143F00ABE4BE /* Default@2x.png */,
				B58393F216CC143F00ABE4BE /* Default-568h@2x.png */,
			);
			name = "Supporting Files";
			sourceTree = "<group>";
		};
/* End PBXGroup section */

/* Begin PBXNativeTarget section */
		B58393D816CC143E00ABE4BE /* gNews-iPad */ = {
			isa = PBXNativeTarget;
			buildConfigurationList = B58393FF16CC143F00ABE4BE /* Build configuration list for PBXNativeTarget "gNews-iPad" */;
			buildPhases = (
				B58393D516CC143E00ABE4BE /* Sources */,
				B58393D616CC143E00ABE4BE /* Frameworks */,
				B58393D716CC143E00ABE4BE /* Resources */,
			);
			buildRules = (
			);
			dependencies = (
			);
			name = "gNews-iPad";
			productName = "gNews-iPad";
			productReference = B58393D916CC143E00ABE4BE /* gNews-iPad.app */;
			productType = "com.apple.product-type.application";
		};
/* End PBXNativeTarget section */

/* Begin PBXProject section */
		B58393D116CC143E00ABE4BE /* Project object */ = {
			isa = PBXProject;
			attributes = {
				LastUpgradeCheck = 0460;
				ORGANIZATIONNAME = com.Beni;
			};
			buildConfigurationList = B58393D416CC143E00ABE4BE /* Build configuration list for PBXProject "gNews-iPad" */;
			compatibilityVersion = "Xcode 3.2";
			developmentRegion = English;
			hasScannedForEncodings = 0;
			knownRegions = (
				en,
			);
			mainGroup = B58393D016CC143E00ABE4BE;
			productRefGroup = B58393DA16CC143E00ABE4BE /* Products */;
			projectDirPath = "";
			projectRoot = "";
			targets = (
				B58393D816CC143E00ABE4BE /* gNews-iPad */,
			);
		};
/* End PBXProject section */

/* Begin PBXResourcesBuildPhase section */
		B58393D716CC143E00ABE4BE /* Resources */ = {
			isa = PBXResourcesBuildPhase;
			buildActionMask = 2147483647;
			files = (
				B58393E716CC143F00ABE4BE /* InfoPlist.strings in Resources */,
				B58393EF16CC143F00ABE4BE /* Default.png in Resources */,
				B58393F116CC143F00ABE4BE /* Default@2x.png in Resources */,
				B58393F316CC143F00ABE4BE /* Default-568h@2x.png in Resources */,
				B58393F616CC143F00ABE4BE /* MainStoryboard.storyboard in Resources */,
			);
			runOnlyForDeploymentPostprocessing = 0;
		};
/* End PBXResourcesBuildPhase section */

/* Begin PBXSourcesBuildPhase section */
		B58393D516CC143E00ABE4BE /* Sources */ = {
			isa = PBXSourcesBuildPhase;
			buildActionMask = 2147483647;
			files = (
				B58393E916CC143F00ABE4BE /* main.m in Sources */,
				B58393ED16CC143F00ABE4BE /* AppDelegate.m in Sources */,
				B58393F916CC143F00ABE4BE /* MasterViewController.m in Sources */,
				B58393FC16CC143F00ABE4BE /* DetailViewController.m in Sources */,
			);
			runOnlyForDeploymentPostprocessing = 0;
		};
/* End PBXSourcesBuildPhase section */

/* Begin PBXVariantGroup section */
		B58393E516CC143F00ABE4BE /* InfoPlist.strings */ = {
			isa = PBXVariantGroup;
			children = (
				B58393E616CC143F00ABE4BE /* en */,
			);
			name = InfoPlist.strings;
			sourceTree = "<group>";
		};
		B58393F416CC143F00ABE4BE /* MainStoryboard.storyboard */ = {
			isa = PBXVariantGroup;
			children = (
				B58393F516CC143F00ABE4BE /* en */,
			);
			name = MainStoryboard.storyboard;
			sourceTree = "<group>";
		};
/* End PBXVariantGroup section */

/* Begin XCBuildConfiguration section */
		B58393FD16CC143F00ABE4BE /* Debug */ = {
			isa = XCBuildConfiguration;
			buildSettings = {
				ALWAYS_SEARCH_USER_PATHS = NO;
				CLANG_CXX_LANGUAGE_STANDARD = "gnu++0x";
				CLANG_CXX_LIBRARY = "libc++";
				CLANG_ENABLE_OBJC_ARC = YES;
				CLANG_WARN_CONSTANT_CONVERSION = YES;
				CLANG_WARN_EMPTY_BODY = YES;
				CLANG_WARN_ENUM_CONVERSION = YES;
				CLANG_WARN_INT_CONVERSION = YES;
				CLANG_WARN__DUPLICATE_METHOD_MATCH = YES;
				"CODE_SIGN_IDENTITY[sdk=iphoneos*]" = "iPhone Developer";
				COPY_PHASE_STRIP = NO;
				GCC_C_LANGUAGE_STANDARD = gnu99;
				GCC_DYNAMIC_NO_PIC = NO;
				GCC_OPTIMIZATION_LEVEL = 0;
				GCC_PREPROCESSOR_DEFINITIONS = (
					"DEBUG=1",
					"$(inherited)",
				);
				GCC_SYMBOLS_PRIVATE_EXTERN = NO;
				GCC_WARN_ABOUT_RETURN_TYPE = YES;
				GCC_WARN_UNINITIALIZED_AUTOS = YES;
				GCC_WARN_UNUSED_VARIABLE = YES;
				IPHONEOS_DEPLOYMENT_TARGET = 6.1;
				ONLY_ACTIVE_ARCH = YES;
				SDKROOT = iphoneos;
				TARGETED_DEVICE_FAMILY = 2;
			};
			name = Debug;
		};
		B58393FE16CC143F00ABE4BE /* Release */ = {
			isa = XCBuildConfiguration;
			buildSettings = {
				ALWAYS_SEARCH_USER_PATHS = NO;
				CLANG_CXX_LANGUAGE_STANDARD = "gnu++0x";
				CLANG_CXX_LIBRARY = "libc++";
				CLANG_ENABLE_OBJC_ARC = YES;
				CLANG_WARN_CONSTANT_CONVERSION = YES;
				CLANG_WARN_EMPTY_BODY = YES;
				CLANG_WARN_ENUM_CONVERSION = YES;
				CLANG_WARN_INT_CONVERSION = YES;
				CLANG_WARN__DUPLICATE_METHOD_MATCH = YES;
				"CODE_SIGN_IDENTITY[sdk=iphoneos*]" = "iPhone Developer";
				COPY_PHASE_STRIP = YES;
				GCC_C_LANGUAGE_STANDARD = gnu99;
				GCC_WARN_ABOUT_RETURN_TYPE = YES;
				GCC_WARN_UNINITIALIZED_AUTOS = YES;
				GCC_WARN_UNUSED_VARIABLE = YES;
				IPHONEOS_DEPLOYMENT_TARGET = 6.1;
				OTHER_CFLAGS = "-DNS_BLOCK_ASSERTIONS=1";
				SDKROOT = iphoneos;
				TARGETED_DEVICE_FAMILY = 2;
				VALIDATE_PRODUCT = YES;
			};
			name = Release;
		};
		B583940016CC143F00ABE4BE /* Debug */ = {
			isa = XCBuildConfiguration;
			buildSettings = {
				GCC_PRECOMPILE_PREFIX_HEADER = YES;
				GCC_PREFIX_HEADER = "gNews-iPad/gNews-iPad-Prefix.pch";
				INFOPLIST_FILE = "gNews-iPad/gNews-iPad-Info.plist";
				PRODUCT_NAME = "$(TARGET_NAME)";
				WRAPPER_EXTENSION = app;
			};
			name = Debug;
		};
		B583940116CC143F00ABE4BE /* Release */ = {
			isa = XCBuildConfiguration;
			buildSettings = {
				GCC_PRECOMPILE_PREFIX_HEADER = YES;
				GCC_PREFIX_HEADER = "gNews-iPad/gNews-iPad-Prefix.pch";
				INFOPLIST_FILE = "gNews-iPad/gNews-iPad-Info.plist";
				PRODUCT_NAME = "$(TARGET_NAME)";
				WRAPPER_EXTENSION = app;
			};
			name = Release;
		};
/* End XCBuildConfiguration section */

/* Begin XCConfigurationList section */
		B58393D416CC143E00ABE4BE /* Build configuration list for PBXProject "gNews-iPad" */ = {
			isa = XCConfigurationList;
			buildConfigurations = (
				B58393FD16CC143F00ABE4BE /* Debug */,
				B58393FE16CC143F00ABE4BE /* Release */,
			);
			defaultConfigurationIsVisible = 0;
			defaultConfigurationName = Release;
		};
		B58393FF16CC143F00ABE4BE /* Build configuration list for PBXNativeTarget "gNews-iPad" */ = {
			isa = XCConfigurationList;
			buildConfigurations = (
				B583940016CC143F00ABE4BE /* Debug */,
				B583940116CC143F00ABE4BE /* Release */,
			);
			defaultConfigurationIsVisible = 0;
		};
/* End XCConfigurationList section */
	};
	rootObject = B58393D116CC143E00ABE4BE /* Project object */;
}
